packages:
  cnn-core:
    revision: 20dcddadde520214d3889c7f8a81fba00df3a37c
    version: 1.0.4
    source:
      Git: git@github.com:NuDAQ/CNN-Core-Generator.git
    dependencies: []
  cnn-core-wrapper:
    revision: 36fc94bcde9e8705615538698235729a352f2ea3
    version: 1.0.1
    source:
      Git: git@github.com:NuDAQ/CNN-Core-Wrapper.git
    dependencies:
    - cnn-core
  hilo-trigger:
    revision: afa785e594218ca9c80e62a1767898be7daefebc
    version: 2.2.3
    source:
      Git: git@github.com:NuDAQ/Hi-Lo-Trigger.git
    dependencies: []
